
Microsoft Visual Studio Solution File, Format Version 12.00
# Visual Studio Version 17
VisualStudioVersion = 17.9.34622.214
MinimumVisualStudioVersion = 10.0.40219.1
Project("{F184B08F-C81C-45F6-A57F-5ABD9991F28F}") = "Factorial Checker", "Factorial Checker\Factorial Checker.vbproj", "{455C584D-3C28-4CF3-9FEF-336774BDD819}"
EndProject
Global
	GlobalSection(SolutionConfigurationPlatforms) = preSolution
		Debug|Any CPU = Debug|Any CPU
		Release|Any CPU = Release|Any CPU
	EndGlobalSection
	GlobalSection(ProjectConfigurationPlatforms) = postSolution
		{455C584D-3C28-4CF3-9FEF-336774BDD819}.Debug|Any CPU.ActiveCfg = Debug|Any CPU
		{455C584D-3C28-4CF3-9FEF-336774BDD819}.Debug|Any CPU.Build.0 = Debug|Any CPU
		{455C584D-3C28-4CF3-9FEF-336774BDD819}.Release|Any CPU.ActiveCfg = Release|Any CPU
		{455C584D-3C28-4CF3-9FEF-336774BDD819}.Release|Any CPU.Build.0 = Release|Any CPU
	EndGlobalSection
	GlobalSection(SolutionProperties) = preSolution
		HideSolutionNode = FALSE
	EndGlobalSection
	GlobalSection(ExtensibilityGlobals) = postSolution
		SolutionGuid = {F574E942-6829-46EA-AC7A-B6BA3EE4054D}
	EndGlobalSection
EndGlobal
